
Microsoft Visual Studio Solution File, Format Version 12.00
# Visual Studio Version 16
VisualStudioVersion = 16.0.30204.135
MinimumVisualStudioVersion = 10.0.40219.1
Project("{FAE04EC0-301F-11D3-BF4B-00C04F79EFBC}") = "MVVMApplication", "MVVMApplication\MVVMApplication.csproj", "{D93B35FE-8B96-421F-AC5B-957F3F89B236}"
EndProject
Global
	GlobalSection(SolutionConfigurationPlatforms) = preSolution
		Debug|Any CPU = Debug|Any CPU
		Release|Any CPU = Release|Any CPU
	EndGlobalSection
	GlobalSection(ProjectConfigurationPlatforms) = postSolution
		{D93B35FE-8B96-421F-AC5B-957F3F89B236}.Debug|Any CPU.ActiveCfg = Debug|Any CPU
		{D93B35FE-8B96-421F-AC5B-957F3F89B236}.Debug|Any CPU.Build.0 = Debug|Any CPU
		{D93B35FE-8B96-421F-AC5B-957F3F89B236}.Release|Any CPU.ActiveCfg = Release|Any CPU
		{D93B35FE-8B96-421F-AC5B-957F3F89B236}.Release|Any CPU.Build.0 = Release|Any CPU
	EndGlobalSection
	GlobalSection(SolutionProperties) = preSolution
		HideSolutionNode = FALSE
	EndGlobalSection
	GlobalSection(ExtensibilityGlobals) = postSolution
		SolutionGuid = {253B4E54-B3A0-4A8E-A375-870BCA6F3EF7}
	EndGlobalSection
EndGlobal
